
Microsoft Visual Studio Solution File, Format Version 12.00
# Visual Studio Version 17
VisualStudioVersion = 17.3.32929.385
MinimumVisualStudioVersion = 10.0.40219.1
Project("{FAE04EC0-301F-11D3-BF4B-00C04F79EFBC}") = "JulianRosales_WindowsFinal", "JulianRosales_WindowsFinal\JulianRosales_WindowsFinal.csproj", "{BB14550D-67D0-49EF-939C-FBED00A320FE}"
EndProject
Global
	GlobalSection(SolutionConfigurationPlatforms) = preSolution
		Debug|Any CPU = Debug|Any CPU
		Release|Any CPU = Release|Any CPU
	EndGlobalSection
	GlobalSection(ProjectConfigurationPlatforms) = postSolution
		{BB14550D-67D0-49EF-939C-FBED00A320FE}.Debug|Any CPU.ActiveCfg = Debug|Any CPU
		{BB14550D-67D0-49EF-939C-FBED00A320FE}.Debug|Any CPU.Build.0 = Debug|Any CPU
		{BB14550D-67D0-49EF-939C-FBED00A320FE}.Release|Any CPU.ActiveCfg = Release|Any CPU
		{BB14550D-67D0-49EF-939C-FBED00A320FE}.Release|Any CPU.Build.0 = Release|Any CPU
	EndGlobalSection
	GlobalSection(SolutionProperties) = preSolution
		HideSolutionNode = FALSE
	EndGlobalSection
	GlobalSection(ExtensibilityGlobals) = postSolution
		SolutionGuid = {56FF4D61-09D4-4D61-952B-6297F9BDFD72}
	EndGlobalSection
EndGlobal
